// !$*UTF8*$!
{
	archiveVersion = 1;
	classes = {
	};
	objectVersion = 56;
	objects = {

/* Begin PBXBuildFile section */
		B773E6B9293A7CA0000CF549 /* ButtonLoadingApp.swift in Sources */ = {isa = PBXBuildFile; fileRef = B773E6B8293A7CA0000CF549 /* ButtonLoadingApp.swift */; };
		B773E6BB293A7CA0000CF549 /* ContentView.swift in Sources */ = {isa = PBXBuildFile; fileRef = B773E6BA293A7CA0000CF549 /* ContentView.swift */; };
		B773E6BD293A7CA4000CF549 /* Assets.xcassets in Resources */ = {isa = PBXBuildFile; fileRef = B773E6BC293A7CA4000CF549 /* Assets.xcassets */; };
		B773E6C0293A7CA4000CF549 /* Preview Assets.xcassets in Resources */ = {isa = PBXBuildFile; fileRef = B773E6BF293A7CA4000CF549 /* Preview Assets.xcassets */; };
		B773E6C9293A7CF4000CF549 /* ButtonLoading.swift in Sources */ = {isa = PBXBuildFile; fileRef = B773E6C8293A7CF4000CF549 /* ButtonLoading.swift */; };
		B773E6CB293A7D13000CF549 /* ViewModel.swift in Sources */ = {isa = PBXBuildFile; fileRef = B773E6CA293A7D13000CF549 /* ViewModel.swift */; };
		B773E6CD293A7D4D000CF549 /* ButtonLoadingStyle.swift in Sources */ = {isa = PBXBuildFile; fileRef = B773E6CC293A7D4D000CF549 /* ButtonLoadingStyle.swift */; };
/* End PBXBuildFile section */

/* Begin PBXFileReference section */
		B773E6B5293A7CA0000CF549 /* ButtonLoading.app */ = {isa = PBXFileReference; explicitFileType = wrapper.application; includeInIndex = 0; path = ButtonLoading.app; sourceTree = BUILT_PRODUCTS_DIR; };
		B773E6B8293A7CA0000CF549 /* ButtonLoadingApp.swift */ = {isa = PBXFileReference; lastKnownFileType = sourcecode.swift; path = ButtonLoadingApp.swift; sourceTree = "<group>"; };
		B773E6BA293A7CA0000CF549 /* ContentView.swift */ = {isa = PBXFileReference; lastKnownFileType = sourcecode.swift; path = ContentView.swift; sourceTree = "<group>"; };
		B773E6BC293A7CA4000CF549 /* Assets.xcassets */ = {isa = PBXFileReference; lastKnownFileType = folder.assetcatalog; path = Assets.xcassets; sourceTree = "<group>"; };
		B773E6BF293A7CA4000CF549 /* Preview Assets.xcassets */ = {isa = PBXFileReference; lastKnownFileType = folder.assetcatalog; path = "Preview Assets.xcassets"; sourceTree = "<group>"; };
		B773E6C8293A7CF4000CF549 /* ButtonLoading.swift */ = {isa = PBXFileReference; lastKnownFileType = sourcecode.swift; path = ButtonLoading.swift; sourceTree = "<group>"; };
		B773E6CA293A7D13000CF549 /* ViewModel.swift */ = {isa = PBXFileReference; lastKnownFileType = sourcecode.swift; path = ViewModel.swift; sourceTree = "<group>"; };
		B773E6CC293A7D4D000CF549 /* ButtonLoadingStyle.swift */ = {isa = PBXFileReference; lastKnownFileType = sourcecode.swift; path = ButtonLoadingStyle.swift; sourceTree = "<group>"; };
/* End PBXFileReference section */

/* Begin PBXFrameworksBuildPhase section */
		B773E6B2293A7CA0000CF549 /* Frameworks */ = {
			isa = PBXFrameworksBuildPhase;
			buildActionMask = 2147483647;
			files = (
			);
			runOnlyForDeploymentPostprocessing = 0;
		};
/* End PBXFrameworksBuildPhase section */

/* Begin PBXGroup section */
		B773E6AC293A7CA0000CF549 = {
			isa = PBXGroup;
			children = (
				B773E6B7293A7CA0000CF549 /* ButtonLoading */,
				B773E6B6293A7CA0000CF549 /* Products */,
			);
			sourceTree = "<group>";
		};
		B773E6B6293A7CA0000CF549 /* Products */ = {
			isa = PBXGroup;
			children = (
				B773E6B5293A7CA0000CF549 /* ButtonLoading.app */,
			);
			name = Products;
			sourceTree = "<group>";
		};
		B773E6B7293A7CA0000CF549 /* ButtonLoading */ = {
			isa = PBXGroup;
			children = (
				B773E6B8293A7CA0000CF549 /* ButtonLoadingApp.swift */,
				B773E6BA293A7CA0000CF549 /* ContentView.swift */,
				B773E6CA293A7D13000CF549 /* ViewModel.swift */,
				B773E6C8293A7CF4000CF549 /* ButtonLoading.swift */,
				B773E6CC293A7D4D000CF549 /* ButtonLoadingStyle.swift */,
				B773E6BC293A7CA4000CF549 /* Assets.xcassets */,
				B773E6BE293A7CA4000CF549 /* Preview Content */,
			);
			path = ButtonLoading;
			sourceTree = "<group>";
		};
		B773E6BE293A7CA4000CF549 /* Preview Content */ = {
			isa = PBXGroup;
			children = (
				B773E6BF293A7CA4000CF549 /* Preview Assets.xcassets */,
			);
			path = "Preview Content";
			sourceTree = "<group>";
		};
/* End PBXGroup section */

/* Begin PBXNativeTarget section */
		B773E6B4293A7CA0000CF549 /* ButtonLoading */ = {
			isa = PBXNativeTarget;
			buildConfigurationList = B773E6C3293A7CA4000CF549 /* Build configuration list for PBXNativeTarget "ButtonLoading" */;
			buildPhases = (
				B773E6B1293A7CA0000CF549 /* Sources */,
				B773E6B2293A7CA0000CF549 /* Frameworks */,
				B773E6B3293A7CA0000CF549 /* Resources */,
			);
			buildRules = (
			);
			dependencies = (
			);
			name = ButtonLoading;
			productName = ButtonLoading;
			productReference = B773E6B5293A7CA0000CF549 /* ButtonLoading.app */;
			productType = "com.apple.product-type.application";
		};
/* End PBXNativeTarget section */

/* Begin PBXProject section */
		B773E6AD293A7CA0000CF549 /* Project object */ = {
			isa = PBXProject;
			attributes = {
				BuildIndependentTargetsInParallel = 1;
				LastSwiftUpdateCheck = 1410;
				LastUpgradeCheck = 1410;
				TargetAttributes = {
					B773E6B4293A7CA0000CF549 = {
						CreatedOnToolsVersion = 14.1;
					};
				};
			};
			buildConfigurationList = B773E6B0293A7CA0000CF549 /* Build configuration list for PBXProject "ButtonLoading" */;
			compatibilityVersion = "Xcode 14.0";
			developmentRegion = en;
			hasScannedForEncodings = 0;
			knownRegions = (
				en,
				Base,
			);
			mainGroup = B773E6AC293A7CA0000CF549;
			productRefGroup = B773E6B6293A7CA0000CF549 /* Products */;
			projectDirPath = "";
			projectRoot = "";
			targets = (
				B773E6B4293A7CA0000CF549 /* ButtonLoading */,
			);
		};
/* End PBXProject section */

/* Begin PBXResourcesBuildPhase section */
		B773E6B3293A7CA0000CF549 /* Resources */ = {
			isa = PBXResourcesBuildPhase;
			buildActionMask = 2147483647;
			files = (
				B773E6C0293A7CA4000CF549 /* Preview Assets.xcassets in Resources */,
				B773E6BD293A7CA4000CF549 /* Assets.xcassets in Resources */,
			);
			runOnlyForDeploymentPostprocessing = 0;
		};
/* End PBXResourcesBuildPhase section */

/* Begin PBXSourcesBuildPhase section */
		B773E6B1293A7CA0000CF549 /* Sources */ = {
			isa = PBXSourcesBuildPhase;
			buildActionMask = 2147483647;
			files = (
				B773E6C9293A7CF4000CF549 /* ButtonLoading.swift in Sources */,
				B773E6BB293A7CA0000CF549 /* ContentView.swift in Sources */,
				B773E6CD293A7D4D000CF549 /* ButtonLoadingStyle.swift in Sources */,
				B773E6CB293A7D13000CF549 /* ViewModel.swift in Sources */,
				B773E6B9293A7CA0000CF549 /* ButtonLoadingApp.swift in Sources */,
			);
			runOnlyForDeploymentPostprocessing = 0;
		};
/* End PBXSourcesBuildPhase section */

/* Begin XCBuildConfiguration section */
		B773E6C1293A7CA4000CF549 /* Debug */ = {
			isa = XCBuildConfiguration;
			buildSettings = {
				ALWAYS_SEARCH_USER_PATHS = NO;
				CLANG_ANALYZER_NONNULL = YES;
				CLANG_ANALYZER_NUMBER_OBJECT_CONVERSION = YES_AGGRESSIVE;
				CLANG_CXX_LANGUAGE_STANDARD = "gnu++20";
				CLANG_ENABLE_MODULES = YES;
				CLANG_ENABLE_OBJC_ARC = YES;
				CLANG_ENABLE_OBJC_WEAK = YES;
				CLANG_WARN_BLOCK_CAPTURE_AUTORELEASING = YES;
				CLANG_WARN_BOOL_CONVERSION = YES;
				CLANG_WARN_COMMA = YES;
				CLANG_WARN_CONSTANT_CONVERSION = YES;
				CLANG_WARN_DEPRECATED_OBJC_IMPLEMENTATIONS = YES;
				CLANG_WARN_DIRECT_OBJC_ISA_USAGE = YES_ERROR;
				CLANG_WARN_DOCUMENTATION_COMMENTS = YES;
				CLANG_WARN_EMPTY_BODY = YES;
				CLANG_WARN_ENUM_CONVERSION = YES;
				CLANG_WARN_INFINITE_RECURSION = YES;
				CLANG_WARN_INT_CONVERSION = YES;
				CLANG_WARN_NON_LITERAL_NULL_CONVERSION = YES;
				CLANG_WARN_OBJC_IMPLICIT_RETAIN_SELF = YES;
				CLANG_WARN_OBJC_LITERAL_CONVERSION = YES;
				CLANG_WARN_OBJC_ROOT_CLASS = YES_ERROR;
				CLANG_WARN_QUOTED_INCLUDE_IN_FRAMEWORK_HEADER = YES;
				CLANG_WARN_RANGE_LOOP_ANALYSIS = YES;
				CLANG_WARN_STRICT_PROTOTYPES = YES;
				CLANG_WARN_SUSPICIOUS_MOVE = YES;
				CLANG_WARN_UNGUARDED_AVAILABILITY = YES_AGGRESSIVE;
				CLANG_WARN_UNREACHABLE_CODE = YES;
				CLANG_WARN__DUPLICATE_METHOD_MATCH = YES;
				COPY_PHASE_STRIP = NO;
				DEBUG_INFORMATION_FORMAT = dwarf;
				ENABLE_STRICT_OBJC_MSGSEND = YES;
				ENABLE_TESTABILITY = YES;
				GCC_C_LANGUAGE_STANDARD = gnu11;
				GCC_DYNAMIC_NO_PIC = NO;
				GCC_NO_COMMON_BLOCKS = YES;
				GCC_OPTIMIZATION_LEVEL = 0;
				GCC_PREPROCESSOR_DEFINITIONS = (
					"DEBUG=1",
					"$(inherited)",
				);
				GCC_WARN_64_TO_32_BIT_CONVERSION = YES;
				GCC_WARN_ABOUT_RETURN_TYPE = YES_ERROR;
				GCC_WARN_UNDECLARED_SELECTOR = YES;
				GCC_WARN_UNINITIALIZED_AUTOS = YES_AGGRESSIVE;
				GCC_WARN_UNUSED_FUNCTION = YES;
				GCC_WARN_UNUSED_VARIABLE = YES;
				IPHONEOS_DEPLOYMENT_TARGET = 16.1;
				MTL_ENABLE_DEBUG_INFO = INCLUDE_SOURCE;
				MTL_FAST_MATH = YES;
				ONLY_ACTIVE_ARCH = YES;
				SDKROOT = iphoneos;
				SWIFT_ACTIVE_COMPILATION_CONDITIONS = DEBUG;
				SWIFT_OPTIMIZATION_LEVEL = "-Onone";
			};
			name = Debug;
		};
		B773E6C2293A7CA4000CF549 /* Release */ = {
			isa = XCBuildConfiguration;
			buildSettings = {
				ALWAYS_SEARCH_USER_PATHS = NO;
				CLANG_ANALYZER_NONNULL = YES;
				CLANG_ANALYZER_NUMBER_OBJECT_CONVERSION = YES_AGGRESSIVE;
				CLANG_CXX_LANGUAGE_STANDARD = "gnu++20";
				CLANG_ENABLE_MODULES = YES;
				CLANG_ENABLE_OBJC_ARC = YES;
				CLANG_ENABLE_OBJC_WEAK = YES;
				CLANG_WARN_BLOCK_CAPTURE_AUTORELEASING = YES;
				CLANG_WARN_BOOL_CONVERSION = YES;
				CLANG_WARN_COMMA = YES;
				CLANG_WARN_CONSTANT_CONVERSION = YES;
				CLANG_WARN_DEPRECATED_OBJC_IMPLEMENTATIONS = YES;
				CLANG_WARN_DIRECT_OBJC_ISA_USAGE = YES_ERROR;
				CLANG_WARN_DOCUMENTATION_COMMENTS = YES;
				CLANG_WARN_EMPTY_BODY = YES;
				CLANG_WARN_ENUM_CONVERSION = YES;
				CLANG_WARN_INFINITE_RECURSION = YES;
				CLANG_WARN_INT_CONVERSION = YES;
				CLANG_WARN_NON_LITERAL_NULL_CONVERSION = YES;
				CLANG_WARN_OBJC_IMPLICIT_RETAIN_SELF = YES;
				CLANG_WARN_OBJC_LITERAL_CONVERSION = YES;
				CLANG_WARN_OBJC_ROOT_CLASS = YES_ERROR;
				CLANG_WARN_QUOTED_INCLUDE_IN_FRAMEWORK_HEADER = YES;
				CLANG_WARN_RANGE_LOOP_ANALYSIS = YES;
				CLANG_WARN_STRICT_PROTOTYPES = YES;
				CLANG_WARN_SUSPICIOUS_MOVE = YES;
				CLANG_WARN_UNGUARDED_AVAILABILITY = YES_AGGRESSIVE;
				CLANG_WARN_UNREACHABLE_CODE = YES;
				CLANG_WARN__DUPLICATE_METHOD_MATCH = YES;
				COPY_PHASE_STRIP = NO;
				DEBUG_INFORMATION_FORMAT = "dwarf-with-dsym";
				ENABLE_NS_ASSERTIONS = NO;
				ENABLE_STRICT_OBJC_MSGSEND = YES;
				GCC_C_LANGUAGE_STANDARD = gnu11;
				GCC_NO_COMMON_BLOCKS = YES;
				GCC_WARN_64_TO_32_BIT_CONVERSION = YES;
				GCC_WARN_ABOUT_RETURN_TYPE = YES_ERROR;
				GCC_WARN_UNDECLARED_SELECTOR = YES;
				GCC_WARN_UNINITIALIZED_AUTOS = YES_AGGRESSIVE;
				GCC_WARN_UNUSED_FUNCTION = YES;
				GCC_WARN_UNUSED_VARIABLE = YES;
				IPHONEOS_DEPLOYMENT_TARGET = 16.1;
				MTL_ENABLE_DEBUG_INFO = NO;
				MTL_FAST_MATH = YES;
				SDKROOT = iphoneos;
				SWIFT_COMPILATION_MODE = wholemodule;
				SWIFT_OPTIMIZATION_LEVEL = "-O";
				VALIDATE_PRODUCT = YES;
			};
			name = Release;
		};
		B773E6C4293A7CA4000CF549 /* Debug */ = {
			isa = XCBuildConfiguration;
			buildSettings = {
				ASSETCATALOG_COMPILER_APPICON_NAME = AppIcon;
				ASSETCATALOG_COMPILER_GLOBAL_ACCENT_COLOR_NAME = AccentColor;
				CODE_SIGN_STYLE = Automatic;
				CURRENT_PROJECT_VERSION = 1;
				DEVELOPMENT_ASSET_PATHS = "\"ButtonLoading/Preview Content\"";
				ENABLE_PREVIEWS = YES;
				GENERATE_INFOPLIST_FILE = YES;
				INFOPLIST_KEY_UIApplicationSceneManifest_Generation = YES;
				INFOPLIST_KEY_UIApplicationSupportsIndirectInputEvents = YES;
				INFOPLIST_KEY_UILaunchScreen_Generation = YES;
				INFOPLIST_KEY_UISupportedInterfaceOrientations_iPad = "UIInterfaceOrientationPortrait UIInterfaceOrientationPortraitUpsideDown UIInterfaceOrientationLandscapeLeft UIInterfaceOrientationLandscapeRight";
				INFOPLIST_KEY_UISupportedInterfaceOrientations_iPhone = "UIInterfaceOrientationPortrait UIInterfaceOrientationLandscapeLeft UIInterfaceOrientationLandscapeRight";
				LD_RUNPATH_SEARCH_PATHS = (
					"$(inherited)",
					"@executable_path/Frameworks",
				);
				MARKETING_VERSION = 1.0;
				PRODUCT_BUNDLE_IDENTIFIER = den.ButtonLoading;
				PRODUCT_NAME = "$(TARGET_NAME)";
				SWIFT_EMIT_LOC_STRINGS = YES;
				SWIFT_VERSION = 5.0;
				TARGETED_DEVICE_FAMILY = "1,2";
			};
			name = Debug;
		};
		B773E6C5293A7CA4000CF549 /* Release */ = {
			isa = XCBuildConfiguration;
			buildSettings = {
				ASSETCATALOG_COMPILER_APPICON_NAME = AppIcon;
				ASSETCATALOG_COMPILER_GLOBAL_ACCENT_COLOR_NAME = AccentColor;
				CODE_SIGN_STYLE = Automatic;
				CURRENT_PROJECT_VERSION = 1;
				DEVELOPMENT_ASSET_PATHS = "\"ButtonLoading/Preview Content\"";
				ENABLE_PREVIEWS = YES;
				GENERATE_INFOPLIST_FILE = YES;
				INFOPLIST_KEY_UIApplicationSceneManifest_Generation = YES;
				INFOPLIST_KEY_UIApplicationSupportsIndirectInputEvents = YES;
				INFOPLIST_KEY_UILaunchScreen_Generation = YES;
				INFOPLIST_KEY_UISupportedInterfaceOrientations_iPad = "UIInterfaceOrientationPortrait UIInterfaceOrientationPortraitUpsideDown UIInterfaceOrientationLandscapeLeft UIInterfaceOrientationLandscapeRight";
				INFOPLIST_KEY_UISupportedInterfaceOrientations_iPhone = "UIInterfaceOrientationPortrait UIInterfaceOrientationLandscapeLeft UIInterfaceOrientationLandscapeRight";
				LD_RUNPATH_SEARCH_PATHS = (
					"$(inherited)",
					"@executable_path/Frameworks",
				);
				MARKETING_VERSION = 1.0;
				PRODUCT_BUNDLE_IDENTIFIER = den.ButtonLoading;
				PRODUCT_NAME = "$(TARGET_NAME)";
				SWIFT_EMIT_LOC_STRINGS = YES;
				SWIFT_VERSION = 5.0;
				TARGETED_DEVICE_FAMILY = "1,2";
			};
			name = Release;
		};
/* End XCBuildConfiguration section */

/* Begin XCConfigurationList section */
		B773E6B0293A7CA0000CF549 /* Build configuration list for PBXProject "ButtonLoading" */ = {
			isa = XCConfigurationList;
			buildConfigurations = (
				B773E6C1293A7CA4000CF549 /* Debug */,
				B773E6C2293A7CA4000CF549 /* Release */,
			);
			defaultConfigurationIsVisible = 0;
			defaultConfigurationName = Release;
		};
		B773E6C3293A7CA4000CF549 /* Build configuration list for PBXNativeTarget "ButtonLoading" */ = {
			isa = XCConfigurationList;
			buildConfigurations = (
				B773E6C4293A7CA4000CF549 /* Debug */,
				B773E6C5293A7CA4000CF549 /* Release */,
			);
			defaultConfigurationIsVisible = 0;
			defaultConfigurationName = Release;
		};
/* End XCConfigurationList section */
	};
	rootObject = B773E6AD293A7CA0000CF549 /* Project object */;
}
